
Microsoft Visual Studio Solution File, Format Version 12.00
# Visual Studio Version 16
VisualStudioVersion = 16.0.29709.97
MinimumVisualStudioVersion = 10.0.40219.1
Project("{9A19103F-16F7-4668-BE54-9A1E7A4F7556}") = "AlgorithmAnalysis.DesktopApp", "Applications\AlgorithmAnalysis.DesktopApp\AlgorithmAnalysis.DesktopApp.csproj", "{0EA038F7-FCFB-4004-A8BC-E6ACC2FAAA0B}"
EndProject
Project("{2150E333-8FDC-42A3-9474-1A3956D46DE8}") = "Applications", "Applications", "{AA6DDCA3-6E06-4598-9447-F6601C496804}"
EndProject
Project("{2150E333-8FDC-42A3-9474-1A3956D46DE8}") = "Libraries", "Libraries", "{221ADEF8-495F-4A11-B453-15153C636930}"
EndProject
Project("{2150E333-8FDC-42A3-9474-1A3956D46DE8}") = "Tests", "Tests", "{DD6B0CBB-4FD0-4804-98D9-858EED1A152B}"
EndProject
Project("{9A19103F-16F7-4668-BE54-9A1E7A4F7556}") = "AlgorithmAnalysis.DomainLogic", "Libraries\AlgorithmAnalysis.DomainLogic\AlgorithmAnalysis.DomainLogic.csproj", "{B842B8DD-A2A2-44ED-92F1-92DA6BA24FF3}"
EndProject
Project("{9A19103F-16F7-4668-BE54-9A1E7A4F7556}") = "AlgorithmAnalysis.Configuration", "Libraries\AlgorithmAnalysis.Configuration\AlgorithmAnalysis.Configuration.csproj", "{17497257-782A-476D-A0FA-34A16782A72A}"
EndProject
Project("{9A19103F-16F7-4668-BE54-9A1E7A4F7556}") = "AlgorithmAnalysis.Models", "Libraries\AlgorithmAnalysis.Models\AlgorithmAnalysis.Models.csproj", "{917404CC-2612-4FB4-86FB-D0EC8EEE002A}"
EndProject
Project("{9A19103F-16F7-4668-BE54-9A1E7A4F7556}") = "AlgorithmAnalysis.Excel", "Libraries\AlgorithmAnalysis.Excel\AlgorithmAnalysis.Excel.csproj", "{8F7E7742-8751-41BE-A19F-5E2F9AA65585}"
EndProject
Project("{9A19103F-16F7-4668-BE54-9A1E7A4F7556}") = "AlgorithmAnalysis.Logging", "Libraries\AlgorithmAnalysis.Logging\AlgorithmAnalysis.Logging.csproj", "{32D109ED-C543-4FA1-9C2C-26FF68FF5626}"
EndProject
Project("{9A19103F-16F7-4668-BE54-9A1E7A4F7556}") = "AlgorithmAnalysis.Common", "Libraries\AlgorithmAnalysis.Common\AlgorithmAnalysis.Common.csproj", "{93DDFD75-E613-4EA4-A191-C79613228E5E}"
EndProject
Project("{9A19103F-16F7-4668-BE54-9A1E7A4F7556}") = "AlgorithmAnalysis.Math", "Libraries\AlgorithmAnalysis.Math\AlgorithmAnalysis.Math.csproj", "{F9BD9B0A-404D-4DE9-BBEF-335E7835C3E5}"
EndProject
Global
	GlobalSection(SolutionConfigurationPlatforms) = preSolution
		Debug|x64 = Debug|x64
		Release|x64 = Release|x64
	EndGlobalSection
	GlobalSection(ProjectConfigurationPlatforms) = postSolution
		{0EA038F7-FCFB-4004-A8BC-E6ACC2FAAA0B}.Debug|x64.ActiveCfg = Debug|x64
		{0EA038F7-FCFB-4004-A8BC-E6ACC2FAAA0B}.Debug|x64.Build.0 = Debug|x64
		{0EA038F7-FCFB-4004-A8BC-E6ACC2FAAA0B}.Release|x64.ActiveCfg = Release|x64
		{0EA038F7-FCFB-4004-A8BC-E6ACC2FAAA0B}.Release|x64.Build.0 = Release|x64
		{B842B8DD-A2A2-44ED-92F1-92DA6BA24FF3}.Debug|x64.ActiveCfg = Debug|x64
		{B842B8DD-A2A2-44ED-92F1-92DA6BA24FF3}.Debug|x64.Build.0 = Debug|x64
		{B842B8DD-A2A2-44ED-92F1-92DA6BA24FF3}.Release|x64.ActiveCfg = Release|x64
		{B842B8DD-A2A2-44ED-92F1-92DA6BA24FF3}.Release|x64.Build.0 = Release|x64
		{17497257-782A-476D-A0FA-34A16782A72A}.Debug|x64.ActiveCfg = Debug|x64
		{17497257-782A-476D-A0FA-34A16782A72A}.Debug|x64.Build.0 = Debug|x64
		{17497257-782A-476D-A0FA-34A16782A72A}.Release|x64.ActiveCfg = Release|x64
		{17497257-782A-476D-A0FA-34A16782A72A}.Release|x64.Build.0 = Release|x64
		{917404CC-2612-4FB4-86FB-D0EC8EEE002A}.Debug|x64.ActiveCfg = Debug|x64
		{917404CC-2612-4FB4-86FB-D0EC8EEE002A}.Debug|x64.Build.0 = Debug|x64
		{917404CC-2612-4FB4-86FB-D0EC8EEE002A}.Release|x64.ActiveCfg = Release|x64
		{917404CC-2612-4FB4-86FB-D0EC8EEE002A}.Release|x64.Build.0 = Release|x64
		{8F7E7742-8751-41BE-A19F-5E2F9AA65585}.Debug|x64.ActiveCfg = Debug|x64
		{8F7E7742-8751-41BE-A19F-5E2F9AA65585}.Debug|x64.Build.0 = Debug|x64
		{8F7E7742-8751-41BE-A19F-5E2F9AA65585}.Release|x64.ActiveCfg = Release|x64
		{8F7E7742-8751-41BE-A19F-5E2F9AA65585}.Release|x64.Build.0 = Release|x64
		{32D109ED-C543-4FA1-9C2C-26FF68FF5626}.Debug|x64.ActiveCfg = Debug|x64
		{32D109ED-C543-4FA1-9C2C-26FF68FF5626}.Debug|x64.Build.0 = Debug|x64
		{32D109ED-C543-4FA1-9C2C-26FF68FF5626}.Release|x64.ActiveCfg = Release|x64
		{32D109ED-C543-4FA1-9C2C-26FF68FF5626}.Release|x64.Build.0 = Release|x64
		{93DDFD75-E613-4EA4-A191-C79613228E5E}.Debug|x64.ActiveCfg = Debug|x64
		{93DDFD75-E613-4EA4-A191-C79613228E5E}.Debug|x64.Build.0 = Debug|x64
		{93DDFD75-E613-4EA4-A191-C79613228E5E}.Release|x64.ActiveCfg = Release|x64
		{93DDFD75-E613-4EA4-A191-C79613228E5E}.Release|x64.Build.0 = Release|x64
		{F9BD9B0A-404D-4DE9-BBEF-335E7835C3E5}.Debug|x64.ActiveCfg = Debug|x64
		{F9BD9B0A-404D-4DE9-BBEF-335E7835C3E5}.Debug|x64.Build.0 = Debug|x64
		{F9BD9B0A-404D-4DE9-BBEF-335E7835C3E5}.Release|x64.ActiveCfg = Release|x64
		{F9BD9B0A-404D-4DE9-BBEF-335E7835C3E5}.Release|x64.Build.0 = Release|x64
	EndGlobalSection
	GlobalSection(SolutionProperties) = preSolution
		HideSolutionNode = FALSE
	EndGlobalSection
	GlobalSection(NestedProjects) = preSolution
		{0EA038F7-FCFB-4004-A8BC-E6ACC2FAAA0B} = {AA6DDCA3-6E06-4598-9447-F6601C496804}
		{B842B8DD-A2A2-44ED-92F1-92DA6BA24FF3} = {221ADEF8-495F-4A11-B453-15153C636930}
		{17497257-782A-476D-A0FA-34A16782A72A} = {221ADEF8-495F-4A11-B453-15153C636930}
		{917404CC-2612-4FB4-86FB-D0EC8EEE002A} = {221ADEF8-495F-4A11-B453-15153C636930}
		{8F7E7742-8751-41BE-A19F-5E2F9AA65585} = {221ADEF8-495F-4A11-B453-15153C636930}
		{32D109ED-C543-4FA1-9C2C-26FF68FF5626} = {221ADEF8-495F-4A11-B453-15153C636930}
		{93DDFD75-E613-4EA4-A191-C79613228E5E} = {221ADEF8-495F-4A11-B453-15153C636930}
		{F9BD9B0A-404D-4DE9-BBEF-335E7835C3E5} = {221ADEF8-495F-4A11-B453-15153C636930}
	EndGlobalSection
	GlobalSection(ExtensibilityGlobals) = postSolution
		SolutionGuid = {71599CFB-855E-4F42-B219-B17234CCB145}
	EndGlobalSection
EndGlobal
